
Microsoft Visual Studio Solution File, Format Version 12.00
# Visual Studio Version 16
VisualStudioVersion = 16.0.29905.134
MinimumVisualStudioVersion = 10.0.40219.1
Project("{FAE04EC0-301F-11D3-BF4B-00C04F79EFBC}") = "Structures", "Structures\Structures.csproj", "{F1942BE3-E80D-42C0-876F-D1E8CFD7F8E1}"
EndProject
Global
	GlobalSection(SolutionConfigurationPlatforms) = preSolution
		Debug|Any CPU = Debug|Any CPU
		Release|Any CPU = Release|Any CPU
	EndGlobalSection
	GlobalSection(ProjectConfigurationPlatforms) = postSolution
		{F1942BE3-E80D-42C0-876F-D1E8CFD7F8E1}.Debug|Any CPU.ActiveCfg = Debug|Any CPU
		{F1942BE3-E80D-42C0-876F-D1E8CFD7F8E1}.Debug|Any CPU.Build.0 = Debug|Any CPU
		{F1942BE3-E80D-42C0-876F-D1E8CFD7F8E1}.Release|Any CPU.ActiveCfg = Release|Any CPU
		{F1942BE3-E80D-42C0-876F-D1E8CFD7F8E1}.Release|Any CPU.Build.0 = Release|Any CPU
	EndGlobalSection
	GlobalSection(SolutionProperties) = preSolution
		HideSolutionNode = FALSE
	EndGlobalSection
	GlobalSection(ExtensibilityGlobals) = postSolution
		SolutionGuid = {DC34FC41-788A-446A-A073-A45197CE39E7}
	EndGlobalSection
EndGlobal
